{
  "name": "Lab9_Starter",
  "lockfileVersion": 2,
  "requires": true,
  "packages": {
    "": {
      "dependencies": {
        "trackjs": "^3.10.1"
      }
    },
    "node_modules/trackjs": {
      "version": "3.10.1",
      "resolved": "https://registry.npmjs.org/trackjs/-/trackjs-3.10.1.tgz",
      "integrity": "sha512-VehGLBlBKsfSnycBogNza8IFU/TOQ8vxk0u8+0bynAoXoAz41QIZibB2kXy24wWT0EfYPMT8jFqXgYC9pMAAsA=="
    }
  },
  "dependencies": {
    "trackjs": {
      "version": "3.10.1",
      "resolved": "https://registry.npmjs.org/trackjs/-/trackjs-3.10.1.tgz",
      "integrity": "sha512-VehGLBlBKsfSnycBogNza8IFU/TOQ8vxk0u8+0bynAoXoAz41QIZibB2kXy24wWT0EfYPMT8jFqXgYC9pMAAsA=="
    }
  }
}
